github.com/pkg/errors v0.8.0 h1:WdK/asTD0HN+q6hsWO3/vpuAkAr+tw6aNJNDFFf0+qw=
github.com/pkg/errors v0.8.0/go.mod h1:bwawxfHBFNV+L2hUp1rHADufV3IMtnDRdf1r5NINEl0=
github.com/segmentio/objconv v1.0.0 h1:BGRMNq/VOwFhzrut9iIldRSssP/nYjFPxMdV9bjRGWI=
github.com/segmentio/objconv v1.0.0/go.mod h1:l6IU9rGW/wpM+MUyfJLDCoJ+XXAv6wbpkqej46ESQ6g=
